// !$*UTF8*$!
{
	archiveVersion = 1;
	classes = {
	};
	objectVersion = 50;
	objects = {

/* Begin PBXBuildFile section */
		E31712A022FC7D1100AE6F37 /* AppDelegate.swift in Sources */ = {isa = PBXBuildFile; fileRef = E317129F22FC7D1100AE6F37 /* AppDelegate.swift */; };
		E31712A222FC7D1100AE6F37 /* ViewController.swift in Sources */ = {isa = PBXBuildFile; fileRef = E31712A122FC7D1100AE6F37 /* ViewController.swift */; };
		E31712A522FC7D1100AE6F37 /* Main.storyboard in Resources */ = {isa = PBXBuildFile; fileRef = E31712A322FC7D1100AE6F37 /* Main.storyboard */; };
		E31712A722FC7D1200AE6F37 /* Assets.xcassets in Resources */ = {isa = PBXBuildFile; fileRef = E31712A622FC7D1200AE6F37 /* Assets.xcassets */; };
		E31712AA22FC7D1200AE6F37 /* LaunchScreen.storyboard in Resources */ = {isa = PBXBuildFile; fileRef = E31712A822FC7D1200AE6F37 /* LaunchScreen.storyboard */; };
		E31712B222FC830000AE6F37 /* Book.swift in Sources */ = {isa = PBXBuildFile; fileRef = E31712B122FC830000AE6F37 /* Book.swift */; };
		E31712B422FC83A400AE6F37 /* BookLibrary.swift in Sources */ = {isa = PBXBuildFile; fileRef = E31712B322FC83A400AE6F37 /* BookLibrary.swift */; };
		E31712BA22FC87E100AE6F37 /* BookCell.swift in Sources */ = {isa = PBXBuildFile; fileRef = E31712B922FC87E100AE6F37 /* BookCell.swift */; };
		E31712BC22FC92AE00AE6F37 /* BookDetailsViewController.swift in Sources */ = {isa = PBXBuildFile; fileRef = E31712BB22FC92AE00AE6F37 /* BookDetailsViewController.swift */; };
/* End PBXBuildFile section */

/* Begin PBXFileReference section */
		E317129C22FC7D1100AE6F37 /* BooksCollectionsApp.app */ = {isa = PBXFileReference; explicitFileType = wrapper.application; includeInIndex = 0; path = BooksCollectionsApp.app; sourceTree = BUILT_PRODUCTS_DIR; };
		E317129F22FC7D1100AE6F37 /* AppDelegate.swift */ = {isa = PBXFileReference; lastKnownFileType = sourcecode.swift; path = AppDelegate.swift; sourceTree = "<group>"; };
		E31712A122FC7D1100AE6F37 /* ViewController.swift */ = {isa = PBXFileReference; lastKnownFileType = sourcecode.swift; path = ViewController.swift; sourceTree = "<group>"; };
		E31712A422FC7D1100AE6F37 /* Base */ = {isa = PBXFileReference; lastKnownFileType = file.storyboard; name = Base; path = Base.lproj/Main.storyboard; sourceTree = "<group>"; };
		E31712A622FC7D1200AE6F37 /* Assets.xcassets */ = {isa = PBXFileReference; lastKnownFileType = folder.assetcatalog; path = Assets.xcassets; sourceTree = "<group>"; };
		E31712A922FC7D1200AE6F37 /* Base */ = {isa = PBXFileReference; lastKnownFileType = file.storyboard; name = Base; path = Base.lproj/LaunchScreen.storyboard; sourceTree = "<group>"; };
		E31712AB22FC7D1200AE6F37 /* Info.plist */ = {isa = PBXFileReference; lastKnownFileType = text.plist.xml; path = Info.plist; sourceTree = "<group>"; };
		E31712B122FC830000AE6F37 /* Book.swift */ = {isa = PBXFileReference; lastKnownFileType = sourcecode.swift; path = Book.swift; sourceTree = "<group>"; };
		E31712B322FC83A400AE6F37 /* BookLibrary.swift */ = {isa = PBXFileReference; lastKnownFileType = sourcecode.swift; path = BookLibrary.swift; sourceTree = "<group>"; };
		E31712B922FC87E100AE6F37 /* BookCell.swift */ = {isa = PBXFileReference; lastKnownFileType = sourcecode.swift; path = BookCell.swift; sourceTree = "<group>"; };
		E31712BB22FC92AE00AE6F37 /* BookDetailsViewController.swift */ = {isa = PBXFileReference; lastKnownFileType = sourcecode.swift; path = BookDetailsViewController.swift; sourceTree = "<group>"; };
/* End PBXFileReference section */

/* Begin PBXFrameworksBuildPhase section */
		E317129922FC7D1100AE6F37 /* Frameworks */ = {
			isa = PBXFrameworksBuildPhase;
			buildActionMask = 2147483647;
			files = (
			);
			runOnlyForDeploymentPostprocessing = 0;
		};
/* End PBXFrameworksBuildPhase section */

/* Begin PBXGroup section */
		E317129322FC7D1100AE6F37 = {
			isa = PBXGroup;
			children = (
				E317129E22FC7D1100AE6F37 /* BooksCollectionsApp */,
				E317129D22FC7D1100AE6F37 /* Products */,
			);
			sourceTree = "<group>";
		};
		E317129D22FC7D1100AE6F37 /* Products */ = {
			isa = PBXGroup;
			children = (
				E317129C22FC7D1100AE6F37 /* BooksCollectionsApp.app */,
			);
			name = Products;
			sourceTree = "<group>";
		};
		E317129E22FC7D1100AE6F37 /* BooksCollectionsApp */ = {
			isa = PBXGroup;
			children = (
				E31712B822FC867100AE6F37 /* Storyboards */,
				E31712B722FC866000AE6F37 /* Views */,
				E31712B622FC865700AE6F37 /* Models */,
				E31712B522FC865200AE6F37 /* Controllers */,
				E317129F22FC7D1100AE6F37 /* AppDelegate.swift */,
				E31712A622FC7D1200AE6F37 /* Assets.xcassets */,
				E31712AB22FC7D1200AE6F37 /* Info.plist */,
			);
			path = BooksCollectionsApp;
			sourceTree = "<group>";
		};
		E31712B522FC865200AE6F37 /* Controllers */ = {
			isa = PBXGroup;
			children = (
				E31712A122FC7D1100AE6F37 /* ViewController.swift */,
				E31712BB22FC92AE00AE6F37 /* BookDetailsViewController.swift */,
			);
			path = Controllers;
			sourceTree = "<group>";
		};
		E31712B622FC865700AE6F37 /* Models */ = {
			isa = PBXGroup;
			children = (
				E31712B122FC830000AE6F37 /* Book.swift */,
				E31712B322FC83A400AE6F37 /* BookLibrary.swift */,
			);
			path = Models;
			sourceTree = "<group>";
		};
		E31712B722FC866000AE6F37 /* Views */ = {
			isa = PBXGroup;
			children = (
				E31712B922FC87E100AE6F37 /* BookCell.swift */,
			);
			path = Views;
			sourceTree = "<group>";
		};
		E31712B822FC867100AE6F37 /* Storyboards */ = {
			isa = PBXGroup;
			children = (
				E31712A322FC7D1100AE6F37 /* Main.storyboard */,
				E31712A822FC7D1200AE6F37 /* LaunchScreen.storyboard */,
			);
			path = Storyboards;
			sourceTree = "<group>";
		};
/* End PBXGroup section */

/* Begin PBXNativeTarget section */
		E317129B22FC7D1100AE6F37 /* BooksCollectionsApp */ = {
			isa = PBXNativeTarget;
			buildConfigurationList = E31712AE22FC7D1200AE6F37 /* Build configuration list for PBXNativeTarget "BooksCollectionsApp" */;
			buildPhases = (
				E317129822FC7D1100AE6F37 /* Sources */,
				E317129922FC7D1100AE6F37 /* Frameworks */,
				E317129A22FC7D1100AE6F37 /* Resources */,
			);
			buildRules = (
			);
			dependencies = (
			);
			name = BooksCollectionsApp;
			productName = BooksCollectionsApp;
			productReference = E317129C22FC7D1100AE6F37 /* BooksCollectionsApp.app */;
			productType = "com.apple.product-type.application";
		};
/* End PBXNativeTarget section */

/* Begin PBXProject section */
		E317129422FC7D1100AE6F37 /* Project object */ = {
			isa = PBXProject;
			attributes = {
				LastSwiftUpdateCheck = 1030;
				LastUpgradeCheck = 1030;
				ORGANIZATIONNAME = "Myo Thura Zaw";
				TargetAttributes = {
					E317129B22FC7D1100AE6F37 = {
						CreatedOnToolsVersion = 10.3;
					};
				};
			};
			buildConfigurationList = E317129722FC7D1100AE6F37 /* Build configuration list for PBXProject "BooksCollectionsApp" */;
			compatibilityVersion = "Xcode 9.3";
			developmentRegion = en;
			hasScannedForEncodings = 0;
			knownRegions = (
				en,
				Base,
			);
			mainGroup = E317129322FC7D1100AE6F37;
			productRefGroup = E317129D22FC7D1100AE6F37 /* Products */;
			projectDirPath = "";
			projectRoot = "";
			targets = (
				E317129B22FC7D1100AE6F37 /* BooksCollectionsApp */,
			);
		};
/* End PBXProject section */

/* Begin PBXResourcesBuildPhase section */
		E317129A22FC7D1100AE6F37 /* Resources */ = {
			isa = PBXResourcesBuildPhase;
			buildActionMask = 2147483647;
			files = (
				E31712AA22FC7D1200AE6F37 /* LaunchScreen.storyboard in Resources */,
				E31712A722FC7D1200AE6F37 /* Assets.xcassets in Resources */,
				E31712A522FC7D1100AE6F37 /* Main.storyboard in Resources */,
			);
			runOnlyForDeploymentPostprocessing = 0;
		};
/* End PBXResourcesBuildPhase section */

/* Begin PBXSourcesBuildPhase section */
		E317129822FC7D1100AE6F37 /* Sources */ = {
			isa = PBXSourcesBuildPhase;
			buildActionMask = 2147483647;
			files = (
				E31712B422FC83A400AE6F37 /* BookLibrary.swift in Sources */,
				E31712A222FC7D1100AE6F37 /* ViewController.swift in Sources */,
				E31712A022FC7D1100AE6F37 /* AppDelegate.swift in Sources */,
				E31712B222FC830000AE6F37 /* Book.swift in Sources */,
				E31712BC22FC92AE00AE6F37 /* BookDetailsViewController.swift in Sources */,
				E31712BA22FC87E100AE6F37 /* BookCell.swift in Sources */,
			);
			runOnlyForDeploymentPostprocessing = 0;
		};
/* End PBXSourcesBuildPhase section */

/* Begin PBXVariantGroup section */
		E31712A322FC7D1100AE6F37 /* Main.storyboard */ = {
			isa = PBXVariantGroup;
			children = (
				E31712A422FC7D1100AE6F37 /* Base */,
			);
			name = Main.storyboard;
			sourceTree = "<group>";
		};
		E31712A822FC7D1200AE6F37 /* LaunchScreen.storyboard */ = {
			isa = PBXVariantGroup;
			children = (
				E31712A922FC7D1200AE6F37 /* Base */,
			);
			name = LaunchScreen.storyboard;
			sourceTree = "<group>";
		};
/* End PBXVariantGroup section */

/* Begin XCBuildConfiguration section */
		E31712AC22FC7D1200AE6F37 /* Debug */ = {
			isa = XCBuildConfiguration;
			buildSettings = {
				ALWAYS_SEARCH_USER_PATHS = NO;
				CLANG_ANALYZER_NONNULL = YES;
				CLANG_ANALYZER_NUMBER_OBJECT_CONVERSION = YES_AGGRESSIVE;
				CLANG_CXX_LANGUAGE_STANDARD = "gnu++14";
				CLANG_CXX_LIBRARY = "libc++";
				CLANG_ENABLE_MODULES = YES;
				CLANG_ENABLE_OBJC_ARC = YES;
				CLANG_ENABLE_OBJC_WEAK = YES;
				CLANG_WARN_BLOCK_CAPTURE_AUTORELEASING = YES;
				CLANG_WARN_BOOL_CONVERSION = YES;
				CLANG_WARN_COMMA = YES;
				CLANG_WARN_CONSTANT_CONVERSION = YES;
				CLANG_WARN_DEPRECATED_OBJC_IMPLEMENTATIONS = YES;
				CLANG_WARN_DIRECT_OBJC_ISA_USAGE = YES_ERROR;
				CLANG_WARN_DOCUMENTATION_COMMENTS = YES;
				CLANG_WARN_EMPTY_BODY = YES;
				CLANG_WARN_ENUM_CONVERSION = YES;
				CLANG_WARN_INFINITE_RECURSION = YES;
				CLANG_WARN_INT_CONVERSION = YES;
				CLANG_WARN_NON_LITERAL_NULL_CONVERSION = YES;
				CLANG_WARN_OBJC_IMPLICIT_RETAIN_SELF = YES;
				CLANG_WARN_OBJC_LITERAL_CONVERSION = YES;
				CLANG_WARN_OBJC_ROOT_CLASS = YES_ERROR;
				CLANG_WARN_RANGE_LOOP_ANALYSIS = YES;
				CLANG_WARN_STRICT_PROTOTYPES = YES;
				CLANG_WARN_SUSPICIOUS_MOVE = YES;
				CLANG_WARN_UNGUARDED_AVAILABILITY = YES_AGGRESSIVE;
				CLANG_WARN_UNREACHABLE_CODE = YES;
				CLANG_WARN__DUPLICATE_METHOD_MATCH = YES;
				CODE_SIGN_IDENTITY = "iPhone Developer";
				COPY_PHASE_STRIP = NO;
				DEBUG_INFORMATION_FORMAT = dwarf;
				ENABLE_STRICT_OBJC_MSGSEND = YES;
				ENABLE_TESTABILITY = YES;
				GCC_C_LANGUAGE_STANDARD = gnu11;
				GCC_DYNAMIC_NO_PIC = NO;
				GCC_NO_COMMON_BLOCKS = YES;
				GCC_OPTIMIZATION_LEVEL = 0;
				GCC_PREPROCESSOR_DEFINITIONS = (
					"DEBUG=1",
					"$(inherited)",
				);
				GCC_WARN_64_TO_32_BIT_CONVERSION = YES;
				GCC_WARN_ABOUT_RETURN_TYPE = YES_ERROR;
				GCC_WARN_UNDECLARED_SELECTOR = YES;
				GCC_WARN_UNINITIALIZED_AUTOS = YES_AGGRESSIVE;
				GCC_WARN_UNUSED_FUNCTION = YES;
				GCC_WARN_UNUSED_VARIABLE = YES;
				IPHONEOS_DEPLOYMENT_TARGET = 12.4;
				MTL_ENABLE_DEBUG_INFO = INCLUDE_SOURCE;
				MTL_FAST_MATH = YES;
				ONLY_ACTIVE_ARCH = YES;
				SDKROOT = iphoneos;
				SWIFT_ACTIVE_COMPILATION_CONDITIONS = DEBUG;
				SWIFT_OPTIMIZATION_LEVEL = "-Onone";
			};
			name = Debug;
		};
		E31712AD22FC7D1200AE6F37 /* Release */ = {
			isa = XCBuildConfiguration;
			buildSettings = {
				ALWAYS_SEARCH_USER_PATHS = NO;
				CLANG_ANALYZER_NONNULL = YES;
				CLANG_ANALYZER_NUMBER_OBJECT_CONVERSION = YES_AGGRESSIVE;
				CLANG_CXX_LANGUAGE_STANDARD = "gnu++14";
				CLANG_CXX_LIBRARY = "libc++";
				CLANG_ENABLE_MODULES = YES;
				CLANG_ENABLE_OBJC_ARC = YES;
				CLANG_ENABLE_OBJC_WEAK = YES;
				CLANG_WARN_BLOCK_CAPTURE_AUTORELEASING = YES;
				CLANG_WARN_BOOL_CONVERSION = YES;
				CLANG_WARN_COMMA = YES;
				CLANG_WARN_CONSTANT_CONVERSION = YES;
				CLANG_WARN_DEPRECATED_OBJC_IMPLEMENTATIONS = YES;
				CLANG_WARN_DIRECT_OBJC_ISA_USAGE = YES_ERROR;
				CLANG_WARN_DOCUMENTATION_COMMENTS = YES;
				CLANG_WARN_EMPTY_BODY = YES;
				CLANG_WARN_ENUM_CONVERSION = YES;
				CLANG_WARN_INFINITE_RECURSION = YES;
				CLANG_WARN_INT_CONVERSION = YES;
				CLANG_WARN_NON_LITERAL_NULL_CONVERSION = YES;
				CLANG_WARN_OBJC_IMPLICIT_RETAIN_SELF = YES;
				CLANG_WARN_OBJC_LITERAL_CONVERSION = YES;
				CLANG_WARN_OBJC_ROOT_CLASS = YES_ERROR;
				CLANG_WARN_RANGE_LOOP_ANALYSIS = YES;
				CLANG_WARN_STRICT_PROTOTYPES = YES;
				CLANG_WARN_SUSPICIOUS_MOVE = YES;
				CLANG_WARN_UNGUARDED_AVAILABILITY = YES_AGGRESSIVE;
				CLANG_WARN_UNREACHABLE_CODE = YES;
				CLANG_WARN__DUPLICATE_METHOD_MATCH = YES;
				CODE_SIGN_IDENTITY = "iPhone Developer";
				COPY_PHASE_STRIP = NO;
				DEBUG_INFORMATION_FORMAT = "dwarf-with-dsym";
				ENABLE_NS_ASSERTIONS = NO;
				ENABLE_STRICT_OBJC_MSGSEND = YES;
				GCC_C_LANGUAGE_STANDARD = gnu11;
				GCC_NO_COMMON_BLOCKS = YES;
				GCC_WARN_64_TO_32_BIT_CONVERSION = YES;
				GCC_WARN_ABOUT_RETURN_TYPE = YES_ERROR;
				GCC_WARN_UNDECLARED_SELECTOR = YES;
				GCC_WARN_UNINITIALIZED_AUTOS = YES_AGGRESSIVE;
				GCC_WARN_UNUSED_FUNCTION = YES;
				GCC_WARN_UNUSED_VARIABLE = YES;
				IPHONEOS_DEPLOYMENT_TARGET = 12.4;
				MTL_ENABLE_DEBUG_INFO = NO;
				MTL_FAST_MATH = YES;
				SDKROOT = iphoneos;
				SWIFT_COMPILATION_MODE = wholemodule;
				SWIFT_OPTIMIZATION_LEVEL = "-O";
				VALIDATE_PRODUCT = YES;
			};
			name = Release;
		};
		E31712AF22FC7D1200AE6F37 /* Debug */ = {
			isa = XCBuildConfiguration;
			buildSettings = {
				ASSETCATALOG_COMPILER_APPICON_NAME = AppIcon;
				CODE_SIGN_STYLE = Automatic;
				INFOPLIST_FILE = BooksCollectionsApp/Info.plist;
				LD_RUNPATH_SEARCH_PATHS = (
					"$(inherited)",
					"@executable_path/Frameworks",
				);
				PRODUCT_BUNDLE_IDENTIFIER = com.myothurazaw.BooksCollectionsApp;
				PRODUCT_NAME = "$(TARGET_NAME)";
				SWIFT_VERSION = 5.0;
				TARGETED_DEVICE_FAMILY = "1,2";
			};
			name = Debug;
		};
		E31712B022FC7D1200AE6F37 /* Release */ = {
			isa = XCBuildConfiguration;
			buildSettings = {
				ASSETCATALOG_COMPILER_APPICON_NAME = AppIcon;
				CODE_SIGN_STYLE = Automatic;
				INFOPLIST_FILE = BooksCollectionsApp/Info.plist;
				LD_RUNPATH_SEARCH_PATHS = (
					"$(inherited)",
					"@executable_path/Frameworks",
				);
				PRODUCT_BUNDLE_IDENTIFIER = com.myothurazaw.BooksCollectionsApp;
				PRODUCT_NAME = "$(TARGET_NAME)";
				SWIFT_VERSION = 5.0;
				TARGETED_DEVICE_FAMILY = "1,2";
			};
			name = Release;
		};
/* End XCBuildConfiguration section */

/* Begin XCConfigurationList section */
		E317129722FC7D1100AE6F37 /* Build configuration list for PBXProject "BooksCollectionsApp" */ = {
			isa = XCConfigurationList;
			buildConfigurations = (
				E31712AC22FC7D1200AE6F37 /* Debug */,
				E31712AD22FC7D1200AE6F37 /* Release */,
			);
			defaultConfigurationIsVisible = 0;
			defaultConfigurationName = Release;
		};
		E31712AE22FC7D1200AE6F37 /* Build configuration list for PBXNativeTarget "BooksCollectionsApp" */ = {
			isa = XCConfigurationList;
			buildConfigurations = (
				E31712AF22FC7D1200AE6F37 /* Debug */,
				E31712B022FC7D1200AE6F37 /* Release */,
			);
			defaultConfigurationIsVisible = 0;
			defaultConfigurationName = Release;
		};
/* End XCConfigurationList section */
	};
	rootObject = E317129422FC7D1100AE6F37 /* Project object */;
}
